// !$*UTF8*$!
{
	archiveVersion = 1;
	classes = {
	};
	objectVersion = 56;
	objects = {

/* Begin PBXBuildFile section */
		3350E00B2DC7947C0028C528 /* OrganizeApp.swift in Sources */ = {isa = PBXBuildFile; fileRef = 3350E00A2DC7947C0028C528 /* OrganizeApp.swift */; };
		3350E00D2DC7947D0028C528 /* ContentView.swift in Sources */ = {isa = PBXBuildFile; fileRef = 3350E00C2DC7947D0028C528 /* ContentView.swift */; };
		3350E00F2DC7947D0028C528 /* Assets.xcassets in Resources */ = {isa = PBXBuildFile; fileRef = 3350E00E2DC7947D0028C528 /* Assets.xcassets */; };
		3350E0122DC7947D0028C528 /* Preview Assets.xcassets in Resources */ = {isa = PBXBuildFile; fileRef = 3350E0112DC7947D0028C528 /* Preview Assets.xcassets */; };
		3350E0242DC79DC20028C528 /* Palette.swift in Sources */ = {isa = PBXBuildFile; fileRef = 3350E0232DC79DC20028C528 /* Palette.swift */; };
		3350E0262DCAADC60028C528 /* reBackground.swift in Sources */ = {isa = PBXBuildFile; fileRef = 3350E0252DCAADC60028C528 /* reBackground.swift */; };
		3350E0292DCBA63D0028C528 /* BoxCardView.swift in Sources */ = {isa = PBXBuildFile; fileRef = 3350E0282DCBA63D0028C528 /* BoxCardView.swift */; };
/* End PBXBuildFile section */

/* Begin PBXFileReference section */
		3350E0072DC7947C0028C528 /* Organize.app */ = {isa = PBXFileReference; explicitFileType = wrapper.application; includeInIndex = 0; path = Organize.app; sourceTree = BUILT_PRODUCTS_DIR; };
		3350E00A2DC7947C0028C528 /* OrganizeApp.swift */ = {isa = PBXFileReference; lastKnownFileType = sourcecode.swift; path = OrganizeApp.swift; sourceTree = "<group>"; };
		3350E00C2DC7947D0028C528 /* ContentView.swift */ = {isa = PBXFileReference; lastKnownFileType = sourcecode.swift; path = ContentView.swift; sourceTree = "<group>"; };
		3350E00E2DC7947D0028C528 /* Assets.xcassets */ = {isa = PBXFileReference; lastKnownFileType = folder.assetcatalog; path = Assets.xcassets; sourceTree = "<group>"; };
		3350E0112DC7947D0028C528 /* Preview Assets.xcassets */ = {isa = PBXFileReference; lastKnownFileType = folder.assetcatalog; path = "Preview Assets.xcassets"; sourceTree = "<group>"; };
		3350E0232DC79DC20028C528 /* Palette.swift */ = {isa = PBXFileReference; lastKnownFileType = sourcecode.swift; path = Palette.swift; sourceTree = "<group>"; };
		3350E0252DCAADC60028C528 /* reBackground.swift */ = {isa = PBXFileReference; lastKnownFileType = sourcecode.swift; path = reBackground.swift; sourceTree = "<group>"; };
		3350E0282DCBA63D0028C528 /* BoxCardView.swift */ = {isa = PBXFileReference; lastKnownFileType = sourcecode.swift; path = BoxCardView.swift; sourceTree = "<group>"; };
/* End PBXFileReference section */

/* Begin PBXFrameworksBuildPhase section */
		3350E0042DC7947C0028C528 /* Frameworks */ = {
			isa = PBXFrameworksBuildPhase;
			buildActionMask = 2147483647;
			files = (
			);
			runOnlyForDeploymentPostprocessing = 0;
		};
/* End PBXFrameworksBuildPhase section */

/* Begin PBXGroup section */
		3350DFFE2DC7947C0028C528 = {
			isa = PBXGroup;
			children = (
				3350E0092DC7947C0028C528 /* Organize */,
				3350E0082DC7947C0028C528 /* Products */,
			);
			sourceTree = "<group>";
		};
		3350E0082DC7947C0028C528 /* Products */ = {
			isa = PBXGroup;
			children = (
				3350E0072DC7947C0028C528 /* Organize.app */,
			);
			name = Products;
			sourceTree = "<group>";
		};
		3350E0092DC7947C0028C528 /* Organize */ = {
			isa = PBXGroup;
			children = (
				3350E01C2DC794BE0028C528 /* App */,
				3350E01B2DC794B50028C528 /* Utilis */,
				3350E01A2DC794AB0028C528 /* Features */,
				3350E0192DC794A40028C528 /* Services */,
				3350E0182DC794870028C528 /* Resources */,
			);
			path = Organize;
			sourceTree = "<group>";
		};
		3350E0102DC7947D0028C528 /* Preview Content */ = {
			isa = PBXGroup;
			children = (
				3350E0112DC7947D0028C528 /* Preview Assets.xcassets */,
			);
			path = "Preview Content";
			sourceTree = "<group>";
		};
		3350E0182DC794870028C528 /* Resources */ = {
			isa = PBXGroup;
			children = (
				3350E0102DC7947D0028C528 /* Preview Content */,
				3350E00E2DC7947D0028C528 /* Assets.xcassets */,
			);
			path = Resources;
			sourceTree = "<group>";
		};
		3350E0192DC794A40028C528 /* Services */ = {
			isa = PBXGroup;
			children = (
			);
			path = Services;
			sourceTree = "<group>";
		};
		3350E01A2DC794AB0028C528 /* Features */ = {
			isa = PBXGroup;
			children = (
				3350E01D2DC795010028C528 /* Boxes */,
			);
			path = Features;
			sourceTree = "<group>";
		};
		3350E01B2DC794B50028C528 /* Utilis */ = {
			isa = PBXGroup;
			children = (
				3350E0222DC79D5D0028C528 /* Modifiers */,
				3350E0212DC79D540028C528 /* Styles */,
				3350E0202DC79D4B0028C528 /* Components */,
				3350E01F2DC79D400028C528 /* Extensions */,
				3350E01E2DC79D2F0028C528 /* Protocols */,
			);
			path = Utilis;
			sourceTree = "<group>";
		};
		3350E01C2DC794BE0028C528 /* App */ = {
			isa = PBXGroup;
			children = (
				3350E00A2DC7947C0028C528 /* OrganizeApp.swift */,
			);
			path = App;
			sourceTree = "<group>";
		};
		3350E01D2DC795010028C528 /* Boxes */ = {
			isa = PBXGroup;
			children = (
				3350E0272DCBA61A0028C528 /* Components */,
				3350E00C2DC7947D0028C528 /* ContentView.swift */,
			);
			path = Boxes;
			sourceTree = "<group>";
		};
		3350E01E2DC79D2F0028C528 /* Protocols */ = {
			isa = PBXGroup;
			children = (
			);
			path = Protocols;
			sourceTree = "<group>";
		};
		3350E01F2DC79D400028C528 /* Extensions */ = {
			isa = PBXGroup;
			children = (
			);
			path = Extensions;
			sourceTree = "<group>";
		};
		3350E0202DC79D4B0028C528 /* Components */ = {
			isa = PBXGroup;
			children = (
				3350E0252DCAADC60028C528 /* reBackground.swift */,
			);
			path = Components;
			sourceTree = "<group>";
		};
		3350E0212DC79D540028C528 /* Styles */ = {
			isa = PBXGroup;
			children = (
				3350E0232DC79DC20028C528 /* Palette.swift */,
			);
			path = Styles;
			sourceTree = "<group>";
		};
		3350E0222DC79D5D0028C528 /* Modifiers */ = {
			isa = PBXGroup;
			children = (
			);
			path = Modifiers;
			sourceTree = "<group>";
		};
		3350E0272DCBA61A0028C528 /* Components */ = {
			isa = PBXGroup;
			children = (
				3350E0282DCBA63D0028C528 /* BoxCardView.swift */,
			);
			path = Components;
			sourceTree = "<group>";
		};
/* End PBXGroup section */

/* Begin PBXNativeTarget section */
		3350E0062DC7947C0028C528 /* Organize */ = {
			isa = PBXNativeTarget;
			buildConfigurationList = 3350E0152DC7947D0028C528 /* Build configuration list for PBXNativeTarget "Organize" */;
			buildPhases = (
				3350E0032DC7947C0028C528 /* Sources */,
				3350E0042DC7947C0028C528 /* Frameworks */,
				3350E0052DC7947C0028C528 /* Resources */,
			);
			buildRules = (
			);
			dependencies = (
			);
			name = Organize;
			productName = Organize;
			productReference = 3350E0072DC7947C0028C528 /* Organize.app */;
			productType = "com.apple.product-type.application";
		};
/* End PBXNativeTarget section */

/* Begin PBXProject section */
		3350DFFF2DC7947C0028C528 /* Project object */ = {
			isa = PBXProject;
			attributes = {
				BuildIndependentTargetsInParallel = 1;
				LastSwiftUpdateCheck = 1520;
				LastUpgradeCheck = 1520;
				TargetAttributes = {
					3350E0062DC7947C0028C528 = {
						CreatedOnToolsVersion = 15.2;
					};
				};
			};
			buildConfigurationList = 3350E0022DC7947C0028C528 /* Build configuration list for PBXProject "Organize" */;
			compatibilityVersion = "Xcode 14.0";
			developmentRegion = en;
			hasScannedForEncodings = 0;
			knownRegions = (
				en,
				Base,
			);
			mainGroup = 3350DFFE2DC7947C0028C528;
			productRefGroup = 3350E0082DC7947C0028C528 /* Products */;
			projectDirPath = "";
			projectRoot = "";
			targets = (
				3350E0062DC7947C0028C528 /* Organize */,
			);
		};
/* End PBXProject section */

/* Begin PBXResourcesBuildPhase section */
		3350E0052DC7947C0028C528 /* Resources */ = {
			isa = PBXResourcesBuildPhase;
			buildActionMask = 2147483647;
			files = (
				3350E0122DC7947D0028C528 /* Preview Assets.xcassets in Resources */,
				3350E00F2DC7947D0028C528 /* Assets.xcassets in Resources */,
			);
			runOnlyForDeploymentPostprocessing = 0;
		};
/* End PBXResourcesBuildPhase section */

/* Begin PBXSourcesBuildPhase section */
		3350E0032DC7947C0028C528 /* Sources */ = {
			isa = PBXSourcesBuildPhase;
			buildActionMask = 2147483647;
			files = (
				3350E0262DCAADC60028C528 /* reBackground.swift in Sources */,
				3350E0242DC79DC20028C528 /* Palette.swift in Sources */,
				3350E00D2DC7947D0028C528 /* ContentView.swift in Sources */,
				3350E00B2DC7947C0028C528 /* OrganizeApp.swift in Sources */,
				3350E0292DCBA63D0028C528 /* BoxCardView.swift in Sources */,
			);
			runOnlyForDeploymentPostprocessing = 0;
		};
/* End PBXSourcesBuildPhase section */

/* Begin XCBuildConfiguration section */
		3350E0132DC7947D0028C528 /* Debug */ = {
			isa = XCBuildConfiguration;
			buildSettings = {
				ALWAYS_SEARCH_USER_PATHS = NO;
				ASSETCATALOG_COMPILER_GENERATE_SWIFT_ASSET_SYMBOL_EXTENSIONS = YES;
				CLANG_ANALYZER_NONNULL = YES;
				CLANG_ANALYZER_NUMBER_OBJECT_CONVERSION = YES_AGGRESSIVE;
				CLANG_CXX_LANGUAGE_STANDARD = "gnu++20";
				CLANG_ENABLE_MODULES = YES;
				CLANG_ENABLE_OBJC_ARC = YES;
				CLANG_ENABLE_OBJC_WEAK = YES;
				CLANG_WARN_BLOCK_CAPTURE_AUTORELEASING = YES;
				CLANG_WARN_BOOL_CONVERSION = YES;
				CLANG_WARN_COMMA = YES;
				CLANG_WARN_CONSTANT_CONVERSION = YES;
				CLANG_WARN_DEPRECATED_OBJC_IMPLEMENTATIONS = YES;
				CLANG_WARN_DIRECT_OBJC_ISA_USAGE = YES_ERROR;
				CLANG_WARN_DOCUMENTATION_COMMENTS = YES;
				CLANG_WARN_EMPTY_BODY = YES;
				CLANG_WARN_ENUM_CONVERSION = YES;
				CLANG_WARN_INFINITE_RECURSION = YES;
				CLANG_WARN_INT_CONVERSION = YES;
				CLANG_WARN_NON_LITERAL_NULL_CONVERSION = YES;
				CLANG_WARN_OBJC_IMPLICIT_RETAIN_SELF = YES;
				CLANG_WARN_OBJC_LITERAL_CONVERSION = YES;
				CLANG_WARN_OBJC_ROOT_CLASS = YES_ERROR;
				CLANG_WARN_QUOTED_INCLUDE_IN_FRAMEWORK_HEADER = YES;
				CLANG_WARN_RANGE_LOOP_ANALYSIS = YES;
				CLANG_WARN_STRICT_PROTOTYPES = YES;
				CLANG_WARN_SUSPICIOUS_MOVE = YES;
				CLANG_WARN_UNGUARDED_AVAILABILITY = YES_AGGRESSIVE;
				CLANG_WARN_UNREACHABLE_CODE = YES;
				CLANG_WARN__DUPLICATE_METHOD_MATCH = YES;
				COPY_PHASE_STRIP = NO;
				DEBUG_INFORMATION_FORMAT = dwarf;
				ENABLE_STRICT_OBJC_MSGSEND = YES;
				ENABLE_TESTABILITY = YES;
				ENABLE_USER_SCRIPT_SANDBOXING = YES;
				GCC_C_LANGUAGE_STANDARD = gnu17;
				GCC_DYNAMIC_NO_PIC = NO;
				GCC_NO_COMMON_BLOCKS = YES;
				GCC_OPTIMIZATION_LEVEL = 0;
				GCC_PREPROCESSOR_DEFINITIONS = (
					"DEBUG=1",
					"$(inherited)",
				);
				GCC_WARN_64_TO_32_BIT_CONVERSION = YES;
				GCC_WARN_ABOUT_RETURN_TYPE = YES_ERROR;
				GCC_WARN_UNDECLARED_SELECTOR = YES;
				GCC_WARN_UNINITIALIZED_AUTOS = YES_AGGRESSIVE;
				GCC_WARN_UNUSED_FUNCTION = YES;
				GCC_WARN_UNUSED_VARIABLE = YES;
				IPHONEOS_DEPLOYMENT_TARGET = 17.2;
				LOCALIZATION_PREFERS_STRING_CATALOGS = YES;
				MTL_ENABLE_DEBUG_INFO = INCLUDE_SOURCE;
				MTL_FAST_MATH = YES;
				ONLY_ACTIVE_ARCH = YES;
				SDKROOT = iphoneos;
				SWIFT_ACTIVE_COMPILATION_CONDITIONS = "DEBUG $(inherited)";
				SWIFT_OPTIMIZATION_LEVEL = "-Onone";
			};
			name = Debug;
		};
		3350E0142DC7947D0028C528 /* Release */ = {
			isa = XCBuildConfiguration;
			buildSettings = {
				ALWAYS_SEARCH_USER_PATHS = NO;
				ASSETCATALOG_COMPILER_GENERATE_SWIFT_ASSET_SYMBOL_EXTENSIONS = YES;
				CLANG_ANALYZER_NONNULL = YES;
				CLANG_ANALYZER_NUMBER_OBJECT_CONVERSION = YES_AGGRESSIVE;
				CLANG_CXX_LANGUAGE_STANDARD = "gnu++20";
				CLANG_ENABLE_MODULES = YES;
				CLANG_ENABLE_OBJC_ARC = YES;
				CLANG_ENABLE_OBJC_WEAK = YES;
				CLANG_WARN_BLOCK_CAPTURE_AUTORELEASING = YES;
				CLANG_WARN_BOOL_CONVERSION = YES;
				CLANG_WARN_COMMA = YES;
				CLANG_WARN_CONSTANT_CONVERSION = YES;
				CLANG_WARN_DEPRECATED_OBJC_IMPLEMENTATIONS = YES;
				CLANG_WARN_DIRECT_OBJC_ISA_USAGE = YES_ERROR;
				CLANG_WARN_DOCUMENTATION_COMMENTS = YES;
				CLANG_WARN_EMPTY_BODY = YES;
				CLANG_WARN_ENUM_CONVERSION = YES;
				CLANG_WARN_INFINITE_RECURSION = YES;
				CLANG_WARN_INT_CONVERSION = YES;
				CLANG_WARN_NON_LITERAL_NULL_CONVERSION = YES;
				CLANG_WARN_OBJC_IMPLICIT_RETAIN_SELF = YES;
				CLANG_WARN_OBJC_LITERAL_CONVERSION = YES;
				CLANG_WARN_OBJC_ROOT_CLASS = YES_ERROR;
				CLANG_WARN_QUOTED_INCLUDE_IN_FRAMEWORK_HEADER = YES;
				CLANG_WARN_RANGE_LOOP_ANALYSIS = YES;
				CLANG_WARN_STRICT_PROTOTYPES = YES;
				CLANG_WARN_SUSPICIOUS_MOVE = YES;
				CLANG_WARN_UNGUARDED_AVAILABILITY = YES_AGGRESSIVE;
				CLANG_WARN_UNREACHABLE_CODE = YES;
				CLANG_WARN__DUPLICATE_METHOD_MATCH = YES;
				COPY_PHASE_STRIP = NO;
				DEBUG_INFORMATION_FORMAT = "dwarf-with-dsym";
				ENABLE_NS_ASSERTIONS = NO;
				ENABLE_STRICT_OBJC_MSGSEND = YES;
				ENABLE_USER_SCRIPT_SANDBOXING = YES;
				GCC_C_LANGUAGE_STANDARD = gnu17;
				GCC_NO_COMMON_BLOCKS = YES;
				GCC_WARN_64_TO_32_BIT_CONVERSION = YES;
				GCC_WARN_ABOUT_RETURN_TYPE = YES_ERROR;
				GCC_WARN_UNDECLARED_SELECTOR = YES;
				GCC_WARN_UNINITIALIZED_AUTOS = YES_AGGRESSIVE;
				GCC_WARN_UNUSED_FUNCTION = YES;
				GCC_WARN_UNUSED_VARIABLE = YES;
				IPHONEOS_DEPLOYMENT_TARGET = 17.2;
				LOCALIZATION_PREFERS_STRING_CATALOGS = YES;
				MTL_ENABLE_DEBUG_INFO = NO;
				MTL_FAST_MATH = YES;
				SDKROOT = iphoneos;
				SWIFT_COMPILATION_MODE = wholemodule;
				VALIDATE_PRODUCT = YES;
			};
			name = Release;
		};
		3350E0162DC7947D0028C528 /* Debug */ = {
			isa = XCBuildConfiguration;
			buildSettings = {
				ASSETCATALOG_COMPILER_APPICON_NAME = AppIcon;
				ASSETCATALOG_COMPILER_GLOBAL_ACCENT_COLOR_NAME = AccentColor;
				CODE_SIGN_STYLE = Automatic;
				CURRENT_PROJECT_VERSION = 1;
				DEVELOPMENT_ASSET_PATHS = "";
				DEVELOPMENT_TEAM = 3UT276DC9L;
				ENABLE_PREVIEWS = YES;
				GENERATE_INFOPLIST_FILE = YES;
				INFOPLIST_KEY_UIApplicationSceneManifest_Generation = YES;
				INFOPLIST_KEY_UIApplicationSupportsIndirectInputEvents = YES;
				INFOPLIST_KEY_UILaunchScreen_Generation = YES;
				INFOPLIST_KEY_UISupportedInterfaceOrientations_iPad = "UIInterfaceOrientationPortrait UIInterfaceOrientationPortraitUpsideDown UIInterfaceOrientationLandscapeLeft UIInterfaceOrientationLandscapeRight";
				INFOPLIST_KEY_UISupportedInterfaceOrientations_iPhone = "UIInterfaceOrientationPortrait UIInterfaceOrientationLandscapeLeft UIInterfaceOrientationLandscapeRight";
				LD_RUNPATH_SEARCH_PATHS = (
					"$(inherited)",
					"@executable_path/Frameworks",
				);
				MARKETING_VERSION = 1.0;
				PRODUCT_BUNDLE_IDENTIFIER = com.nandaPerovano.Organize;
				PRODUCT_NAME = "$(TARGET_NAME)";
				SWIFT_EMIT_LOC_STRINGS = YES;
				SWIFT_VERSION = 5.0;
				TARGETED_DEVICE_FAMILY = "1,2";
			};
			name = Debug;
		};
		3350E0172DC7947D0028C528 /* Release */ = {
			isa = XCBuildConfiguration;
			buildSettings = {
				ASSETCATALOG_COMPILER_APPICON_NAME = AppIcon;
				ASSETCATALOG_COMPILER_GLOBAL_ACCENT_COLOR_NAME = AccentColor;
				CODE_SIGN_STYLE = Automatic;
				CURRENT_PROJECT_VERSION = 1;
				DEVELOPMENT_ASSET_PATHS = "";
				DEVELOPMENT_TEAM = 3UT276DC9L;
				ENABLE_PREVIEWS = YES;
				GENERATE_INFOPLIST_FILE = YES;
				INFOPLIST_KEY_UIApplicationSceneManifest_Generation = YES;
				INFOPLIST_KEY_UIApplicationSupportsIndirectInputEvents = YES;
				INFOPLIST_KEY_UILaunchScreen_Generation = YES;
				INFOPLIST_KEY_UISupportedInterfaceOrientations_iPad = "UIInterfaceOrientationPortrait UIInterfaceOrientationPortraitUpsideDown UIInterfaceOrientationLandscapeLeft UIInterfaceOrientationLandscapeRight";
				INFOPLIST_KEY_UISupportedInterfaceOrientations_iPhone = "UIInterfaceOrientationPortrait UIInterfaceOrientationLandscapeLeft UIInterfaceOrientationLandscapeRight";
				LD_RUNPATH_SEARCH_PATHS = (
					"$(inherited)",
					"@executable_path/Frameworks",
				);
				MARKETING_VERSION = 1.0;
				PRODUCT_BUNDLE_IDENTIFIER = com.nandaPerovano.Organize;
				PRODUCT_NAME = "$(TARGET_NAME)";
				SWIFT_EMIT_LOC_STRINGS = YES;
				SWIFT_VERSION = 5.0;
				TARGETED_DEVICE_FAMILY = "1,2";
			};
			name = Release;
		};
/* End XCBuildConfiguration section */

/* Begin XCConfigurationList section */
		3350E0022DC7947C0028C528 /* Build configuration list for PBXProject "Organize" */ = {
			isa = XCConfigurationList;
			buildConfigurations = (
				3350E0132DC7947D0028C528 /* Debug */,
				3350E0142DC7947D0028C528 /* Release */,
			);
			defaultConfigurationIsVisible = 0;
			defaultConfigurationName = Release;
		};
		3350E0152DC7947D0028C528 /* Build configuration list for PBXNativeTarget "Organize" */ = {
			isa = XCConfigurationList;
			buildConfigurations = (
				3350E0162DC7947D0028C528 /* Debug */,
				3350E0172DC7947D0028C528 /* Release */,
			);
			defaultConfigurationIsVisible = 0;
			defaultConfigurationName = Release;
		};
/* End XCConfigurationList section */
	};
	rootObject = 3350DFFF2DC7947C0028C528 /* Project object */;
}
